Microsoft Visual Studio Solution File, Format Version 12.00
# Visual Studio Version 17
VisualStudioVersion = 17.5.2.0
MinimumVisualStudioVersion = 10.0.40219.1
Project("{FAE04EC0-301F-11D3-BF4B-00C04F79EFBC}") = "CitationTool.Client", "CitationTool.Client\CitationTool.Client.csproj", "{227A1FCB-B5D7-4F36-C92D-854986621725}"
EndProject
Global
	GlobalSection(SolutionConfigurationPlatforms) = preSolution
		Debug|Any CPU = Debug|Any CPU
		Release|Any CPU = Release|Any CPU
	EndGlobalSection
	GlobalSection(ProjectConfigurationPlatforms) = postSolution
		{227A1FCB-B5D7-4F36-C92D-854986621725}.Debug|Any CPU.ActiveCfg = Debug|Any CPU
		{227A1FCB-B5D7-4F36-C92D-854986621725}.Debug|Any CPU.Build.0 = Debug|Any CPU
		{227A1FCB-B5D7-4F36-C92D-854986621725}.Release|Any CPU.ActiveCfg = Release|Any CPU
		{227A1FCB-B5D7-4F36-C92D-854986621725}.Release|Any CPU.Build.0 = Release|Any CPU
	EndGlobalSection
	GlobalSection(SolutionProperties) = preSolution
		HideSolutionNode = FALSE
	EndGlobalSection
	GlobalSection(ExtensibilityGlobals) = postSolution
		SolutionGuid = {D777DEB8-A5DE-488D-BA19-A2C3E7832F0B}
	EndGlobalSection
EndGlobal
